
Microsoft Visual Studio Solution File, Format Version 12.00
# Visual Studio 15
VisualStudioVersion = 15.0.26430.6
MinimumVisualStudioVersion = 10.0.40219.1
Project("{9A19103F-16F7-4668-BE54-9A1E7A4F7556}") = "JEich.GraphQL.Client", "JEich.GraphQL.Client\JEich.GraphQL.Client.csproj", "{A6A440AF-607E-4E22-BFA1-66883F083011}"
EndProject
Project("{9A19103F-16F7-4668-BE54-9A1E7A4F7556}") = "JEich.GraphQL.Client.Tests", "JEich.GraphQL.Client.Tests\JEich.GraphQL.Client.Tests.csproj", "{56329D87-A305-4F34-9A11-A6FF34019588}"
EndProject
Global
	GlobalSection(SolutionConfigurationPlatforms) = preSolution
		Debug|Any CPU = Debug|Any CPU
		Release|Any CPU = Release|Any CPU
	EndGlobalSection
	GlobalSection(ProjectConfigurationPlatforms) = postSolution
		{A6A440AF-607E-4E22-BFA1-66883F083011}.Debug|Any CPU.ActiveCfg = Debug|Any CPU
		{A6A440AF-607E-4E22-BFA1-66883F083011}.Debug|Any CPU.Build.0 = Debug|Any CPU
		{A6A440AF-607E-4E22-BFA1-66883F083011}.Release|Any CPU.ActiveCfg = Release|Any CPU
		{A6A440AF-607E-4E22-BFA1-66883F083011}.Release|Any CPU.Build.0 = Release|Any CPU
		{56329D87-A305-4F34-9A11-A6FF34019588}.Debug|Any CPU.ActiveCfg = Debug|Any CPU
		{56329D87-A305-4F34-9A11-A6FF34019588}.Debug|Any CPU.Build.0 = Debug|Any CPU
		{56329D87-A305-4F34-9A11-A6FF34019588}.Release|Any CPU.ActiveCfg = Release|Any CPU
		{56329D87-A305-4F34-9A11-A6FF34019588}.Release|Any CPU.Build.0 = Release|Any CPU
	EndGlobalSection
	GlobalSection(SolutionProperties) = preSolution
		HideSolutionNode = FALSE
	EndGlobalSection
EndGlobal
